// !$*UTF8*$!
{
	archiveVersion = 1;
	classes = {
	};
	objectVersion = 50;
	objects = {

/* Begin PBXBuildFile section */
		DAABBE962142E93C00377422 /* .travis.yml in Resources */ = {isa = PBXBuildFile; fileRef = DAABBE952142E93C00377422 /* .travis.yml */; };
		DAEC04E02140322700965543 /* AppDelegate.swift in Sources */ = {isa = PBXBuildFile; fileRef = DAEC04DF2140322700965543 /* AppDelegate.swift */; };
		DAEC04E22140322700965543 /* ViewController.swift in Sources */ = {isa = PBXBuildFile; fileRef = DAEC04E12140322700965543 /* ViewController.swift */; };
		DAEC04E52140322700965543 /* Main.storyboard in Resources */ = {isa = PBXBuildFile; fileRef = DAEC04E32140322700965543 /* Main.storyboard */; };
		DAEC04E72140322800965543 /* Assets.xcassets in Resources */ = {isa = PBXBuildFile; fileRef = DAEC04E62140322800965543 /* Assets.xcassets */; };
		DAEC04EA2140322800965543 /* LaunchScreen.storyboard in Resources */ = {isa = PBXBuildFile; fileRef = DAEC04E82140322800965543 /* LaunchScreen.storyboard */; };
		DAEC04F52140322800965543 /* TravisCISampleTests.swift in Sources */ = {isa = PBXBuildFile; fileRef = DAEC04F42140322800965543 /* TravisCISampleTests.swift */; };
/* End PBXBuildFile section */

/* Begin PBXContainerItemProxy section */
		DAEC04F12140322800965543 /* PBXContainerItemProxy */ = {
			isa = PBXContainerItemProxy;
			containerPortal = DAEC04D42140322700965543 /* Project object */;
			proxyType = 1;
			remoteGlobalIDString = DAEC04DB2140322700965543;
			remoteInfo = TravisCISample;
		};
/* End PBXContainerItemProxy section */

/* Begin PBXFileReference section */
		DAABBE952142E93C00377422 /* .travis.yml */ = {isa = PBXFileReference; fileEncoding = 4; lastKnownFileType = text; path = .travis.yml; sourceTree = SOURCE_ROOT; };
		DAEC04DC2140322700965543 /* TravisCISample.app */ = {isa = PBXFileReference; explicitFileType = wrapper.application; includeInIndex = 0; path = TravisCISample.app; sourceTree = BUILT_PRODUCTS_DIR; };
		DAEC04DF2140322700965543 /* AppDelegate.swift */ = {isa = PBXFileReference; lastKnownFileType = sourcecode.swift; path = AppDelegate.swift; sourceTree = "<group>"; };
		DAEC04E12140322700965543 /* ViewController.swift */ = {isa = PBXFileReference; lastKnownFileType = sourcecode.swift; path = ViewController.swift; sourceTree = "<group>"; };
		DAEC04E42140322700965543 /* Base */ = {isa = PBXFileReference; lastKnownFileType = file.storyboard; name = Base; path = Base.lproj/Main.storyboard; sourceTree = "<group>"; };
		DAEC04E62140322800965543 /* Assets.xcassets */ = {isa = PBXFileReference; lastKnownFileType = folder.assetcatalog; path = Assets.xcassets; sourceTree = "<group>"; };
		DAEC04E92140322800965543 /* Base */ = {isa = PBXFileReference; lastKnownFileType = file.storyboard; name = Base; path = Base.lproj/LaunchScreen.storyboard; sourceTree = "<group>"; };
		DAEC04EB2140322800965543 /* Info.plist */ = {isa = PBXFileReference; lastKnownFileType = text.plist.xml; path = Info.plist; sourceTree = "<group>"; };
		DAEC04F02140322800965543 /* TravisCISampleTests.xctest */ = {isa = PBXFileReference; explicitFileType = wrapper.cfbundle; includeInIndex = 0; path = TravisCISampleTests.xctest; sourceTree = BUILT_PRODUCTS_DIR; };
		DAEC04F42140322800965543 /* TravisCISampleTests.swift */ = {isa = PBXFileReference; lastKnownFileType = sourcecode.swift; path = TravisCISampleTests.swift; sourceTree = "<group>"; };
		DAEC04F62140322800965543 /* Info.plist */ = {isa = PBXFileReference; lastKnownFileType = text.plist.xml; path = Info.plist; sourceTree = "<group>"; };
/* End PBXFileReference section */

/* Begin PBXFrameworksBuildPhase section */
		DAEC04D92140322700965543 /* Frameworks */ = {
			isa = PBXFrameworksBuildPhase;
			buildActionMask = 2147483647;
			files = (
			);
			runOnlyForDeploymentPostprocessing = 0;
		};
		DAEC04ED2140322800965543 /* Frameworks */ = {
			isa = PBXFrameworksBuildPhase;
			buildActionMask = 2147483647;
			files = (
			);
			runOnlyForDeploymentPostprocessing = 0;
		};
/* End PBXFrameworksBuildPhase section */

/* Begin PBXGroup section */
		DAEC04D32140322700965543 = {
			isa = PBXGroup;
			children = (
				DAEC04DE2140322700965543 /* TravisCISample */,
				DAEC04F32140322800965543 /* TravisCISampleTests */,
				DAEC04DD2140322700965543 /* Products */,
			);
			sourceTree = "<group>";
		};
		DAEC04DD2140322700965543 /* Products */ = {
			isa = PBXGroup;
			children = (
				DAEC04DC2140322700965543 /* TravisCISample.app */,
				DAEC04F02140322800965543 /* TravisCISampleTests.xctest */,
			);
			name = Products;
			sourceTree = "<group>";
		};
		DAEC04DE2140322700965543 /* TravisCISample */ = {
			isa = PBXGroup;
			children = (
				DAABBE952142E93C00377422 /* .travis.yml */,
				DAEC04DF2140322700965543 /* AppDelegate.swift */,
				DAEC04E12140322700965543 /* ViewController.swift */,
				DAEC04E32140322700965543 /* Main.storyboard */,
				DAEC04E62140322800965543 /* Assets.xcassets */,
				DAEC04E82140322800965543 /* LaunchScreen.storyboard */,
				DAEC04EB2140322800965543 /* Info.plist */,
			);
			path = TravisCISample;
			sourceTree = "<group>";
		};
		DAEC04F32140322800965543 /* TravisCISampleTests */ = {
			isa = PBXGroup;
			children = (
				DAEC04F42140322800965543 /* TravisCISampleTests.swift */,
				DAEC04F62140322800965543 /* Info.plist */,
			);
			path = TravisCISampleTests;
			sourceTree = "<group>";
		};
/* End PBXGroup section */

/* Begin PBXNativeTarget section */
		DAEC04DB2140322700965543 /* TravisCISample */ = {
			isa = PBXNativeTarget;
			buildConfigurationList = DAEC04F92140322800965543 /* Build configuration list for PBXNativeTarget "TravisCISample" */;
			buildPhases = (
				DAEC04D82140322700965543 /* Sources */,
				DAEC04D92140322700965543 /* Frameworks */,
				DAEC04DA2140322700965543 /* Resources */,
			);
			buildRules = (
			);
			dependencies = (
			);
			name = TravisCISample;
			productName = TravisCISample;
			productReference = DAEC04DC2140322700965543 /* TravisCISample.app */;
			productType = "com.apple.product-type.application";
		};
		DAEC04EF2140322800965543 /* TravisCISampleTests */ = {
			isa = PBXNativeTarget;
			buildConfigurationList = DAEC04FC2140322800965543 /* Build configuration list for PBXNativeTarget "TravisCISampleTests" */;
			buildPhases = (
				DAEC04EC2140322800965543 /* Sources */,
				DAEC04ED2140322800965543 /* Frameworks */,
				DAEC04EE2140322800965543 /* Resources */,
			);
			buildRules = (
			);
			dependencies = (
				DAEC04F22140322800965543 /* PBXTargetDependency */,
			);
			name = TravisCISampleTests;
			productName = TravisCISampleTests;
			productReference = DAEC04F02140322800965543 /* TravisCISampleTests.xctest */;
			productType = "com.apple.product-type.bundle.unit-test";
		};
/* End PBXNativeTarget section */

/* Begin PBXProject section */
		DAEC04D42140322700965543 /* Project object */ = {
			isa = PBXProject;
			attributes = {
				LastSwiftUpdateCheck = 0940;
				LastUpgradeCheck = 0940;
				ORGANIZATIONNAME = "Shota Nakagami";
				TargetAttributes = {
					DAEC04DB2140322700965543 = {
						CreatedOnToolsVersion = 9.4.1;
					};
					DAEC04EF2140322800965543 = {
						CreatedOnToolsVersion = 9.4.1;
						TestTargetID = DAEC04DB2140322700965543;
					};
				};
			};
			buildConfigurationList = DAEC04D72140322700965543 /* Build configuration list for PBXProject "TravisCISample" */;
			compatibilityVersion = "Xcode 9.3";
			developmentRegion = en;
			hasScannedForEncodings = 0;
			knownRegions = (
				en,
				Base,
			);
			mainGroup = DAEC04D32140322700965543;
			productRefGroup = DAEC04DD2140322700965543 /* Products */;
			projectDirPath = "";
			projectRoot = "";
			targets = (
				DAEC04DB2140322700965543 /* TravisCISample */,
				DAEC04EF2140322800965543 /* TravisCISampleTests */,
			);
		};
/* End PBXProject section */

/* Begin PBXResourcesBuildPhase section */
		DAEC04DA2140322700965543 /* Resources */ = {
			isa = PBXResourcesBuildPhase;
			buildActionMask = 2147483647;
			files = (
				DAEC04EA2140322800965543 /* LaunchScreen.storyboard in Resources */,
				DAEC04E72140322800965543 /* Assets.xcassets in Resources */,
				DAABBE962142E93C00377422 /* .travis.yml in Resources */,
				DAEC04E52140322700965543 /* Main.storyboard in Resources */,
			);
			runOnlyForDeploymentPostprocessing = 0;
		};
		DAEC04EE2140322800965543 /* Resources */ = {
			isa = PBXResourcesBuildPhase;
			buildActionMask = 2147483647;
			files = (
			);
			runOnlyForDeploymentPostprocessing = 0;
		};
/* End PBXResourcesBuildPhase section */

/* Begin PBXSourcesBuildPhase section */
		DAEC04D82140322700965543 /* Sources */ = {
			isa = PBXSourcesBuildPhase;
			buildActionMask = 2147483647;
			files = (
				DAEC04E22140322700965543 /* ViewController.swift in Sources */,
				DAEC04E02140322700965543 /* AppDelegate.swift in Sources */,
			);
			runOnlyForDeploymentPostprocessing = 0;
		};
		DAEC04EC2140322800965543 /* Sources */ = {
			isa = PBXSourcesBuildPhase;
			buildActionMask = 2147483647;
			files = (
				DAEC04F52140322800965543 /* TravisCISampleTests.swift in Sources */,
			);
			runOnlyForDeploymentPostprocessing = 0;
		};
/* End PBXSourcesBuildPhase section */

/* Begin PBXTargetDependency section */
		DAEC04F22140322800965543 /* PBXTargetDependency */ = {
			isa = PBXTargetDependency;
			target = DAEC04DB2140322700965543 /* TravisCISample */;
			targetProxy = DAEC04F12140322800965543 /* PBXContainerItemProxy */;
		};
/* End PBXTargetDependency section */

/* Begin PBXVariantGroup section */
		DAEC04E32140322700965543 /* Main.storyboard */ = {
			isa = PBXVariantGroup;
			children = (
				DAEC04E42140322700965543 /* Base */,
			);
			name = Main.storyboard;
			sourceTree = "<group>";
		};
		DAEC04E82140322800965543 /* LaunchScreen.storyboard */ = {
			isa = PBXVariantGroup;
			children = (
				DAEC04E92140322800965543 /* Base */,
			);
			name = LaunchScreen.storyboard;
			sourceTree = "<group>";
		};
/* End PBXVariantGroup section */

/* Begin XCBuildConfiguration section */
		DAEC04F72140322800965543 /* Debug */ = {
			isa = XCBuildConfiguration;
			buildSettings = {
				ALWAYS_SEARCH_USER_PATHS = NO;
				CLANG_ANALYZER_NONNULL = YES;
				CLANG_ANALYZER_NUMBER_OBJECT_CONVERSION = YES_AGGRESSIVE;
				CLANG_CXX_LANGUAGE_STANDARD = "gnu++14";
				CLANG_CXX_LIBRARY = "libc++";
				CLANG_ENABLE_MODULES = YES;
				CLANG_ENABLE_OBJC_ARC = YES;
				CLANG_ENABLE_OBJC_WEAK = YES;
				CLANG_WARN_BLOCK_CAPTURE_AUTORELEASING = YES;
				CLANG_WARN_BOOL_CONVERSION = YES;
				CLANG_WARN_COMMA = YES;
				CLANG_WARN_CONSTANT_CONVERSION = YES;
				CLANG_WARN_DEPRECATED_OBJC_IMPLEMENTATIONS = YES;
				CLANG_WARN_DIRECT_OBJC_ISA_USAGE = YES_ERROR;
				CLANG_WARN_DOCUMENTATION_COMMENTS = YES;
				CLANG_WARN_EMPTY_BODY = YES;
				CLANG_WARN_ENUM_CONVERSION = YES;
				CLANG_WARN_INFINITE_RECURSION = YES;
				CLANG_WARN_INT_CONVERSION = YES;
				CLANG_WARN_NON_LITERAL_NULL_CONVERSION = YES;
				CLANG_WARN_OBJC_IMPLICIT_RETAIN_SELF = YES;
				CLANG_WARN_OBJC_LITERAL_CONVERSION = YES;
				CLANG_WARN_OBJC_ROOT_CLASS = YES_ERROR;
				CLANG_WARN_RANGE_LOOP_ANALYSIS = YES;
				CLANG_WARN_STRICT_PROTOTYPES = YES;
				CLANG_WARN_SUSPICIOUS_MOVE = YES;
				CLANG_WARN_UNGUARDED_AVAILABILITY = YES_AGGRESSIVE;
				CLANG_WARN_UNREACHABLE_CODE = YES;
				CLANG_WARN__DUPLICATE_METHOD_MATCH = YES;
				CODE_SIGN_IDENTITY = "iPhone Developer";
				COPY_PHASE_STRIP = NO;
				DEBUG_INFORMATION_FORMAT = dwarf;
				ENABLE_STRICT_OBJC_MSGSEND = YES;
				ENABLE_TESTABILITY = YES;
				GCC_C_LANGUAGE_STANDARD = gnu11;
				GCC_DYNAMIC_NO_PIC = NO;
				GCC_NO_COMMON_BLOCKS = YES;
				GCC_OPTIMIZATION_LEVEL = 0;
				GCC_PREPROCESSOR_DEFINITIONS = (
					"DEBUG=1",
					"$(inherited)",
				);
				GCC_WARN_64_TO_32_BIT_CONVERSION = YES;
				GCC_WARN_ABOUT_RETURN_TYPE = YES_ERROR;
				GCC_WARN_UNDECLARED_SELECTOR = YES;
				GCC_WARN_UNINITIALIZED_AUTOS = YES_AGGRESSIVE;
				GCC_WARN_UNUSED_FUNCTION = YES;
				GCC_WARN_UNUSED_VARIABLE = YES;
				IPHONEOS_DEPLOYMENT_TARGET = 11.4;
				MTL_ENABLE_DEBUG_INFO = YES;
				ONLY_ACTIVE_ARCH = YES;
				SDKROOT = iphoneos;
				SWIFT_ACTIVE_COMPILATION_CONDITIONS = DEBUG;
				SWIFT_OPTIMIZATION_LEVEL = "-Onone";
			};
			name = Debug;
		};
		DAEC04F82140322800965543 /* Release */ = {
			isa = XCBuildConfiguration;
			buildSettings = {
				ALWAYS_SEARCH_USER_PATHS = NO;
				CLANG_ANALYZER_NONNULL = YES;
				CLANG_ANALYZER_NUMBER_OBJECT_CONVERSION = YES_AGGRESSIVE;
				CLANG_CXX_LANGUAGE_STANDARD = "gnu++14";
				CLANG_CXX_LIBRARY = "libc++";
				CLANG_ENABLE_MODULES = YES;
				CLANG_ENABLE_OBJC_ARC = YES;
				CLANG_ENABLE_OBJC_WEAK = YES;
				CLANG_WARN_BLOCK_CAPTURE_AUTORELEASING = YES;
				CLANG_WARN_BOOL_CONVERSION = YES;
				CLANG_WARN_COMMA = YES;
				CLANG_WARN_CONSTANT_CONVERSION = YES;
				CLANG_WARN_DEPRECATED_OBJC_IMPLEMENTATIONS = YES;
				CLANG_WARN_DIRECT_OBJC_ISA_USAGE = YES_ERROR;
				CLANG_WARN_DOCUMENTATION_COMMENTS = YES;
				CLANG_WARN_EMPTY_BODY = YES;
				CLANG_WARN_ENUM_CONVERSION = YES;
				CLANG_WARN_INFINITE_RECURSION = YES;
				CLANG_WARN_INT_CONVERSION = YES;
				CLANG_WARN_NON_LITERAL_NULL_CONVERSION = YES;
				CLANG_WARN_OBJC_IMPLICIT_RETAIN_SELF = YES;
				CLANG_WARN_OBJC_LITERAL_CONVERSION = YES;
				CLANG_WARN_OBJC_ROOT_CLASS = YES_ERROR;
				CLANG_WARN_RANGE_LOOP_ANALYSIS = YES;
				CLANG_WARN_STRICT_PROTOTYPES = YES;
				CLANG_WARN_SUSPICIOUS_MOVE = YES;
				CLANG_WARN_UNGUARDED_AVAILABILITY = YES_AGGRESSIVE;
				CLANG_WARN_UNREACHABLE_CODE = YES;
				CLANG_WARN__DUPLICATE_METHOD_MATCH = YES;
				CODE_SIGN_IDENTITY = "iPhone Developer";
				COPY_PHASE_STRIP = NO;
				DEBUG_INFORMATION_FORMAT = "dwarf-with-dsym";
				ENABLE_NS_ASSERTIONS = NO;
				ENABLE_STRICT_OBJC_MSGSEND = YES;
				GCC_C_LANGUAGE_STANDARD = gnu11;
				GCC_NO_COMMON_BLOCKS = YES;
				GCC_WARN_64_TO_32_BIT_CONVERSION = YES;
				GCC_WARN_ABOUT_RETURN_TYPE = YES_ERROR;
				GCC_WARN_UNDECLARED_SELECTOR = YES;
				GCC_WARN_UNINITIALIZED_AUTOS = YES_AGGRESSIVE;
				GCC_WARN_UNUSED_FUNCTION = YES;
				GCC_WARN_UNUSED_VARIABLE = YES;
				IPHONEOS_DEPLOYMENT_TARGET = 11.4;
				MTL_ENABLE_DEBUG_INFO = NO;
				SDKROOT = iphoneos;
				SWIFT_COMPILATION_MODE = wholemodule;
				SWIFT_OPTIMIZATION_LEVEL = "-O";
				VALIDATE_PRODUCT = YES;
			};
			name = Release;
		};
		DAEC04FA2140322800965543 /* Debug */ = {
			isa = XCBuildConfiguration;
			buildSettings = {
				ASSETCATALOG_COMPILER_APPICON_NAME = AppIcon;
				CODE_SIGN_STYLE = Automatic;
				DEVELOPMENT_TEAM = 8U533Y3X82;
				INFOPLIST_FILE = TravisCISample/Info.plist;
				LD_RUNPATH_SEARCH_PATHS = (
					"$(inherited)",
					"@executable_path/Frameworks",
				);
				PRODUCT_BUNDLE_IDENTIFIER = com.shotanakagami.TravisCISample;
				PRODUCT_NAME = "$(TARGET_NAME)";
				SWIFT_VERSION = 4.0;
				TARGETED_DEVICE_FAMILY = "1,2";
			};
			name = Debug;
		};
		DAEC04FB2140322800965543 /* Release */ = {
			isa = XCBuildConfiguration;
			buildSettings = {
				ASSETCATALOG_COMPILER_APPICON_NAME = AppIcon;
				CODE_SIGN_STYLE = Automatic;
				DEVELOPMENT_TEAM = 8U533Y3X82;
				INFOPLIST_FILE = TravisCISample/Info.plist;
				LD_RUNPATH_SEARCH_PATHS = (
					"$(inherited)",
					"@executable_path/Frameworks",
				);
				PRODUCT_BUNDLE_IDENTIFIER = com.shotanakagami.TravisCISample;
				PRODUCT_NAME = "$(TARGET_NAME)";
				SWIFT_VERSION = 4.0;
				TARGETED_DEVICE_FAMILY = "1,2";
			};
			name = Release;
		};
		DAEC04FD2140322800965543 /* Debug */ = {
			isa = XCBuildConfiguration;
			buildSettings = {
				ALWAYS_EMBED_SWIFT_STANDARD_LIBRARIES = YES;
				BUNDLE_LOADER = "$(TEST_HOST)";
				CODE_SIGN_STYLE = Automatic;
				DEVELOPMENT_TEAM = 8U533Y3X82;
				INFOPLIST_FILE = TravisCISampleTests/Info.plist;
				LD_RUNPATH_SEARCH_PATHS = (
					"$(inherited)",
					"@executable_path/Frameworks",
					"@loader_path/Frameworks",
				);
				PRODUCT_BUNDLE_IDENTIFIER = com.shotanakagami.TravisCISampleTests;
				PRODUCT_NAME = "$(TARGET_NAME)";
				SWIFT_VERSION = 4.0;
				TARGETED_DEVICE_FAMILY = "1,2";
				TEST_HOST = "$(BUILT_PRODUCTS_DIR)/TravisCISample.app/TravisCISample";
			};
			name = Debug;
		};
		DAEC04FE2140322800965543 /* Release */ = {
			isa = XCBuildConfiguration;
			buildSettings = {
				ALWAYS_EMBED_SWIFT_STANDARD_LIBRARIES = YES;
				BUNDLE_LOADER = "$(TEST_HOST)";
				CODE_SIGN_STYLE = Automatic;
				DEVELOPMENT_TEAM = 8U533Y3X82;
				INFOPLIST_FILE = TravisCISampleTests/Info.plist;
				LD_RUNPATH_SEARCH_PATHS = (
					"$(inherited)",
					"@executable_path/Frameworks",
					"@loader_path/Frameworks",
				);
				PRODUCT_BUNDLE_IDENTIFIER = com.shotanakagami.TravisCISampleTests;
				PRODUCT_NAME = "$(TARGET_NAME)";
				SWIFT_VERSION = 4.0;
				TARGETED_DEVICE_FAMILY = "1,2";
				TEST_HOST = "$(BUILT_PRODUCTS_DIR)/TravisCISample.app/TravisCISample";
			};
			name = Release;
		};
/* End XCBuildConfiguration section */

/* Begin XCConfigurationList section */
		DAEC04D72140322700965543 /* Build configuration list for PBXProject "TravisCISample" */ = {
			isa = XCConfigurationList;
			buildConfigurations = (
				DAEC04F72140322800965543 /* Debug */,
				DAEC04F82140322800965543 /* Release */,
			);
			defaultConfigurationIsVisible = 0;
			defaultConfigurationName = Release;
		};
		DAEC04F92140322800965543 /* Build configuration list for PBXNativeTarget "TravisCISample" */ = {
			isa = XCConfigurationList;
			buildConfigurations = (
				DAEC04FA2140322800965543 /* Debug */,
				DAEC04FB2140322800965543 /* Release */,
			);
			defaultConfigurationIsVisible = 0;
			defaultConfigurationName = Release;
		};
		DAEC04FC2140322800965543 /* Build configuration list for PBXNativeTarget "TravisCISampleTests" */ = {
			isa = XCConfigurationList;
			buildConfigurations = (
				DAEC04FD2140322800965543 /* Debug */,
				DAEC04FE2140322800965543 /* Release */,
			);
			defaultConfigurationIsVisible = 0;
			defaultConfigurationName = Release;
		};
/* End XCConfigurationList section */
	};
	rootObject = DAEC04D42140322700965543 /* Project object */;
}
